
Microsoft Visual Studio Solution File, Format Version 11.00
# Visual Studio 2010
Project("{2150E333-8FDC-42A3-9474-1A3956D46DE8}") = "Solution Items", "Solution Items", "{9F1BB89E-2D47-46E8-992A-C6BF88A14740}"
	ProjectSection(SolutionItems) = preProject
		Local.testsettings = Local.testsettings
		Mirai.Social.Twitter.vsmdi = Mirai.Social.Twitter.vsmdi
		TraceAndTestImpact.testsettings = TraceAndTestImpact.testsettings
	EndProjectSection
EndProject
Project("{FAE04EC0-301F-11D3-BF4B-00C04F79EFBC}") = "Mirai.ConsoleUI", "Mirai.ConsoleUI\Mirai.ConsoleUI.csproj", "{AD2CF1C1-0DC4-44C1-A4E9-178EB199CAC1}"
EndProject
Project("{FAE04EC0-301F-11D3-BF4B-00C04F79EFBC}") = "Mirai.Net.OAuth", "Mirai.Net.OAuth\Mirai.Net.OAuth.csproj", "{60718038-D091-481B-8D08-AC627B38257C}"
EndProject
Project("{FAE04EC0-301F-11D3-BF4B-00C04F79EFBC}") = "Mirai.Utilities", "Mirai.Utilities\Mirai.Utilities.csproj", "{29AC7E0F-2CA7-4E61-857B-5AB97A72E762}"
EndProject
Project("{FAE04EC0-301F-11D3-BF4B-00C04F79EFBC}") = "Mirai.Social.Twitter", "Mirai.Social.Twitter\Mirai.Social.Twitter.csproj", "{EFA3B788-E7DD-4A24-8775-7A85BFE37A7F}"
EndProject
Global
	GlobalSection(TestCaseManagementSettings) = postSolution
		CategoryFile = Mirai.Social.Twitter.vsmdi
	EndGlobalSection
	GlobalSection(SolutionConfigurationPlatforms) = preSolution
		Debug|Any CPU = Debug|Any CPU
		Debug|Mixed Platforms = Debug|Mixed Platforms
		Debug|x86 = Debug|x86
		Release|Any CPU = Release|Any CPU
		Release|Mixed Platforms = Release|Mixed Platforms
		Release|x86 = Release|x86
	EndGlobalSection
	GlobalSection(ProjectConfigurationPlatforms) = postSolution
		{AD2CF1C1-0DC4-44C1-A4E9-178EB199CAC1}.Debug|Any CPU.ActiveCfg = Debug|x86
		{AD2CF1C1-0DC4-44C1-A4E9-178EB199CAC1}.Debug|Mixed Platforms.ActiveCfg = Debug|x86
		{AD2CF1C1-0DC4-44C1-A4E9-178EB199CAC1}.Debug|Mixed Platforms.Build.0 = Debug|x86
		{AD2CF1C1-0DC4-44C1-A4E9-178EB199CAC1}.Debug|x86.ActiveCfg = Debug|x86
		{AD2CF1C1-0DC4-44C1-A4E9-178EB199CAC1}.Debug|x86.Build.0 = Debug|x86
		{AD2CF1C1-0DC4-44C1-A4E9-178EB199CAC1}.Release|Any CPU.ActiveCfg = Release|x86
		{AD2CF1C1-0DC4-44C1-A4E9-178EB199CAC1}.Release|Mixed Platforms.ActiveCfg = Release|x86
		{AD2CF1C1-0DC4-44C1-A4E9-178EB199CAC1}.Release|Mixed Platforms.Build.0 = Release|x86
		{AD2CF1C1-0DC4-44C1-A4E9-178EB199CAC1}.Release|x86.ActiveCfg = Release|x86
		{AD2CF1C1-0DC4-44C1-A4E9-178EB199CAC1}.Release|x86.Build.0 = Release|x86
		{60718038-D091-481B-8D08-AC627B38257C}.Debug|Any CPU.ActiveCfg = Debug|Any CPU
		{60718038-D091-481B-8D08-AC627B38257C}.Debug|Any CPU.Build.0 = Debug|Any CPU
		{60718038-D091-481B-8D08-AC627B38257C}.Debug|Mixed Platforms.ActiveCfg = Debug|Any CPU
		{60718038-D091-481B-8D08-AC627B38257C}.Debug|Mixed Platforms.Build.0 = Debug|Any CPU
		{60718038-D091-481B-8D08-AC627B38257C}.Debug|x86.ActiveCfg = Debug|Any CPU
		{60718038-D091-481B-8D08-AC627B38257C}.Release|Any CPU.ActiveCfg = Release|Any CPU
		{60718038-D091-481B-8D08-AC627B38257C}.Release|Any CPU.Build.0 = Release|Any CPU
		{60718038-D091-481B-8D08-AC627B38257C}.Release|Mixed Platforms.ActiveCfg = Release|Any CPU
		{60718038-D091-481B-8D08-AC627B38257C}.Release|Mixed Platforms.Build.0 = Release|Any CPU
		{60718038-D091-481B-8D08-AC627B38257C}.Release|x86.ActiveCfg = Release|Any CPU
		{29AC7E0F-2CA7-4E61-857B-5AB97A72E762}.Debug|Any CPU.ActiveCfg = Debug|Any CPU
		{29AC7E0F-2CA7-4E61-857B-5AB97A72E762}.Debug|Any CPU.Build.0 = Debug|Any CPU
		{29AC7E0F-2CA7-4E61-857B-5AB97A72E762}.Debug|Mixed Platforms.ActiveCfg = Debug|Any CPU
		{29AC7E0F-2CA7-4E61-857B-5AB97A72E762}.Debug|Mixed Platforms.Build.0 = Debug|Any CPU
		{29AC7E0F-2CA7-4E61-857B-5AB97A72E762}.Debug|x86.ActiveCfg = Debug|Any CPU
		{29AC7E0F-2CA7-4E61-857B-5AB97A72E762}.Release|Any CPU.ActiveCfg = Release|Any CPU
		{29AC7E0F-2CA7-4E61-857B-5AB97A72E762}.Release|Any CPU.Build.0 = Release|Any CPU
		{29AC7E0F-2CA7-4E61-857B-5AB97A72E762}.Release|Mixed Platforms.ActiveCfg = Release|Any CPU
		{29AC7E0F-2CA7-4E61-857B-5AB97A72E762}.Release|Mixed Platforms.Build.0 = Release|Any CPU
		{29AC7E0F-2CA7-4E61-857B-5AB97A72E762}.Release|x86.ActiveCfg = Release|Any CPU
		{EFA3B788-E7DD-4A24-8775-7A85BFE37A7F}.Debug|Any CPU.ActiveCfg = Debug|Any CPU
		{EFA3B788-E7DD-4A24-8775-7A85BFE37A7F}.Debug|Any CPU.Build.0 = Debug|Any CPU
		{EFA3B788-E7DD-4A24-8775-7A85BFE37A7F}.Debug|Mixed Platforms.ActiveCfg = Debug|Any CPU
		{EFA3B788-E7DD-4A24-8775-7A85BFE37A7F}.Debug|Mixed Platforms.Build.0 = Debug|Any CPU
		{EFA3B788-E7DD-4A24-8775-7A85BFE37A7F}.Debug|x86.ActiveCfg = Debug|Any CPU
		{EFA3B788-E7DD-4A24-8775-7A85BFE37A7F}.Release|Any CPU.ActiveCfg = Release|Any CPU
		{EFA3B788-E7DD-4A24-8775-7A85BFE37A7F}.Release|Any CPU.Build.0 = Release|Any CPU
		{EFA3B788-E7DD-4A24-8775-7A85BFE37A7F}.Release|Mixed Platforms.ActiveCfg = Release|Any CPU
		{EFA3B788-E7DD-4A24-8775-7A85BFE37A7F}.Release|Mixed Platforms.Build.0 = Release|Any CPU
		{EFA3B788-E7DD-4A24-8775-7A85BFE37A7F}.Release|x86.ActiveCfg = Release|Any CPU
	EndGlobalSection
	GlobalSection(SolutionProperties) = preSolution
		HideSolutionNode = FALSE
	EndGlobalSection
EndGlobal
